
Microsoft Visual Studio Solution File, Format Version 12.00
# Visual Studio Version 17
VisualStudioVersion = 17.0.31903.59
MinimumVisualStudioVersion = 10.0.40219.1
Project("{9A19103F-16F7-4668-BE54-9A1E7A4F7556}") = "PictureDictionary.API", "PictureDictionary.API\PictureDictionary.API.csproj", "{81A8EB69-09D1-4D72-B3DB-F8CFDBBE04A2}"
EndProject
Project("{9A19103F-16F7-4668-BE54-9A1E7A4F7556}") = "PictureDictionary.Application", "PictureDictionary.Application\PictureDictionary.Application.csproj", "{6E769271-BE6A-4005-A71C-58D3742FD043}"
EndProject
Project("{9A19103F-16F7-4668-BE54-9A1E7A4F7556}") = "PictureDictionary.Core", "PictureDictionary.Core\PictureDictionary.Core.csproj", "{BF9F12F5-2F4B-4662-9540-D05CFAC81836}"
EndProject
Project("{9A19103F-16F7-4668-BE54-9A1E7A4F7556}") = "PictureDictionary.Infrastructure", "PictureDictionary.Infrastructure\PictureDictionary.Infrastructure.csproj", "{D1399C4E-1C7C-4358-9E90-2A0BC70AD68F}"
EndProject
Project("{9A19103F-16F7-4668-BE54-9A1E7A4F7556}") = "PictureDictionary.IntegrationTests", "PictureDictionary.IntegrationTests\PictureDictionary.IntegrationTests.csproj", "{8C1C60B5-025E-4466-AE26-4A05B176A9C7}"
EndProject
Project("{9A19103F-16F7-4668-BE54-9A1E7A4F7556}") = "PictureDictionary.Shared", "PictureDictionary.Shared\PictureDictionary.Shared.csproj", "{1DA2606A-95E7-4A4F-BC83-27F6374040CB}"
EndProject
Project("{9A19103F-16F7-4668-BE54-9A1E7A4F7556}") = "PictureDictionary.UnitTests", "PictureDictionary.UnitTests\PictureDictionary.UnitTests.csproj", "{2B8DE5F7-6F25-448D-9701-3065262702CD}"
EndProject
Global
	GlobalSection(SolutionConfigurationPlatforms) = preSolution
		Debug|Any CPU = Debug|Any CPU
		Release|Any CPU = Release|Any CPU
	EndGlobalSection
	GlobalSection(ProjectConfigurationPlatforms) = postSolution
		{81A8EB69-09D1-4D72-B3DB-F8CFDBBE04A2}.Debug|Any CPU.ActiveCfg = Debug|Any CPU
		{81A8EB69-09D1-4D72-B3DB-F8CFDBBE04A2}.Debug|Any CPU.Build.0 = Debug|Any CPU
		{81A8EB69-09D1-4D72-B3DB-F8CFDBBE04A2}.Release|Any CPU.ActiveCfg = Release|Any CPU
		{81A8EB69-09D1-4D72-B3DB-F8CFDBBE04A2}.Release|Any CPU.Build.0 = Release|Any CPU
		{6E769271-BE6A-4005-A71C-58D3742FD043}.Debug|Any CPU.ActiveCfg = Debug|Any CPU
		{6E769271-BE6A-4005-A71C-58D3742FD043}.Debug|Any CPU.Build.0 = Debug|Any CPU
		{6E769271-BE6A-4005-A71C-58D3742FD043}.Release|Any CPU.ActiveCfg = Release|Any CPU
		{6E769271-BE6A-4005-A71C-58D3742FD043}.Release|Any CPU.Build.0 = Release|Any CPU
		{BF9F12F5-2F4B-4662-9540-D05CFAC81836}.Debug|Any CPU.ActiveCfg = Debug|Any CPU
		{BF9F12F5-2F4B-4662-9540-D05CFAC81836}.Debug|Any CPU.Build.0 = Debug|Any CPU
		{BF9F12F5-2F4B-4662-9540-D05CFAC81836}.Release|Any CPU.ActiveCfg = Release|Any CPU
		{BF9F12F5-2F4B-4662-9540-D05CFAC81836}.Release|Any CPU.Build.0 = Release|Any CPU
		{D1399C4E-1C7C-4358-9E90-2A0BC70AD68F}.Debug|Any CPU.ActiveCfg = Debug|Any CPU
		{D1399C4E-1C7C-4358-9E90-2A0BC70AD68F}.Debug|Any CPU.Build.0 = Debug|Any CPU
		{D1399C4E-1C7C-4358-9E90-2A0BC70AD68F}.Release|Any CPU.ActiveCfg = Release|Any CPU
		{D1399C4E-1C7C-4358-9E90-2A0BC70AD68F}.Release|Any CPU.Build.0 = Release|Any CPU
		{8C1C60B5-025E-4466-AE26-4A05B176A9C7}.Debug|Any CPU.ActiveCfg = Debug|Any CPU
		{8C1C60B5-025E-4466-AE26-4A05B176A9C7}.Debug|Any CPU.Build.0 = Debug|Any CPU
		{8C1C60B5-025E-4466-AE26-4A05B176A9C7}.Release|Any CPU.ActiveCfg = Release|Any CPU
		{8C1C60B5-025E-4466-AE26-4A05B176A9C7}.Release|Any CPU.Build.0 = Release|Any CPU
		{1DA2606A-95E7-4A4F-BC83-27F6374040CB}.Debug|Any CPU.ActiveCfg = Debug|Any CPU
		{1DA2606A-95E7-4A4F-BC83-27F6374040CB}.Debug|Any CPU.Build.0 = Debug|Any CPU
		{1DA2606A-95E7-4A4F-BC83-27F6374040CB}.Release|Any CPU.ActiveCfg = Release|Any CPU
		{1DA2606A-95E7-4A4F-BC83-27F6374040CB}.Release|Any CPU.Build.0 = Release|Any CPU
		{2B8DE5F7-6F25-448D-9701-3065262702CD}.Debug|Any CPU.ActiveCfg = Debug|Any CPU
		{2B8DE5F7-6F25-448D-9701-3065262702CD}.Debug|Any CPU.Build.0 = Debug|Any CPU
		{2B8DE5F7-6F25-448D-9701-3065262702CD}.Release|Any CPU.ActiveCfg = Release|Any CPU
		{2B8DE5F7-6F25-448D-9701-3065262702CD}.Release|Any CPU.Build.0 = Release|Any CPU
	EndGlobalSection
	GlobalSection(SolutionProperties) = preSolution
		HideSolutionNode = FALSE
	EndGlobalSection
	GlobalSection(ExtensibilityGlobals) = postSolution
		SolutionGuid = {0B671ED4-B753-41D9-8E6D-656067297A8C}
	EndGlobalSection
EndGlobal
